
Microsoft Visual Studio Solution File, Format Version 12.00
# Visual Studio Version 16
VisualStudioVersion = 16.0.29509.3
MinimumVisualStudioVersion = 10.0.40219.1
Project("{9A19103F-16F7-4668-BE54-9A1E7A4F7556}") = "RabbitMQ.Core", "RabbitMQ.Core\RabbitMQ.Core.csproj", "{51A9437C-1CC3-4D7E-B7F9-5F1A8D271052}"
EndProject
Project("{9A19103F-16F7-4668-BE54-9A1E7A4F7556}") = "RabbitMQ.WebUI", "RabbitMQ.WebUI\RabbitMQ.WebUI.csproj", "{5EC9A036-16BB-4D2B-A514-327E9924F49C}"
EndProject
Project("{FAE04EC0-301F-11D3-BF4B-00C04F79EFBC}") = "RabbitMQ.ConsumerConsole", "RabbitMQ.ConsumerConsole\RabbitMQ.ConsumerConsole.csproj", "{7B8E7B2C-C97E-4A14-8A9B-0AC422BCECE9}"
EndProject
Global
	GlobalSection(SolutionConfigurationPlatforms) = preSolution
		Debug|Any CPU = Debug|Any CPU
		Release|Any CPU = Release|Any CPU
	EndGlobalSection
	GlobalSection(ProjectConfigurationPlatforms) = postSolution
		{51A9437C-1CC3-4D7E-B7F9-5F1A8D271052}.Debug|Any CPU.ActiveCfg = Debug|Any CPU
		{51A9437C-1CC3-4D7E-B7F9-5F1A8D271052}.Debug|Any CPU.Build.0 = Debug|Any CPU
		{51A9437C-1CC3-4D7E-B7F9-5F1A8D271052}.Release|Any CPU.ActiveCfg = Release|Any CPU
		{51A9437C-1CC3-4D7E-B7F9-5F1A8D271052}.Release|Any CPU.Build.0 = Release|Any CPU
		{5EC9A036-16BB-4D2B-A514-327E9924F49C}.Debug|Any CPU.ActiveCfg = Debug|Any CPU
		{5EC9A036-16BB-4D2B-A514-327E9924F49C}.Debug|Any CPU.Build.0 = Debug|Any CPU
		{5EC9A036-16BB-4D2B-A514-327E9924F49C}.Release|Any CPU.ActiveCfg = Release|Any CPU
		{5EC9A036-16BB-4D2B-A514-327E9924F49C}.Release|Any CPU.Build.0 = Release|Any CPU
		{7B8E7B2C-C97E-4A14-8A9B-0AC422BCECE9}.Debug|Any CPU.ActiveCfg = Debug|Any CPU
		{7B8E7B2C-C97E-4A14-8A9B-0AC422BCECE9}.Debug|Any CPU.Build.0 = Debug|Any CPU
		{7B8E7B2C-C97E-4A14-8A9B-0AC422BCECE9}.Release|Any CPU.ActiveCfg = Release|Any CPU
		{7B8E7B2C-C97E-4A14-8A9B-0AC422BCECE9}.Release|Any CPU.Build.0 = Release|Any CPU
	EndGlobalSection
	GlobalSection(SolutionProperties) = preSolution
		HideSolutionNode = FALSE
	EndGlobalSection
	GlobalSection(ExtensibilityGlobals) = postSolution
		SolutionGuid = {0B7D3A72-574D-47DA-BC42-1E42F29F5125}
	EndGlobalSection
EndGlobal
